
Microsoft Visual Studio Solution File, Format Version 12.00
# Visual Studio 15
VisualStudioVersion = 15.0.28010.2003
MinimumVisualStudioVersion = 10.0.40219.1
Project("{9A19103F-16F7-4668-BE54-9A1E7A4F7556}") = "04_Sieve_Of_Eratosthenes", "04_Sieve_Of_Eratosthenes\04_Sieve_Of_Eratosthenes.csproj", "{38A5F5EF-2979-4B7A-B632-DE33A98CF75D}"
EndProject
Project("{9A19103F-16F7-4668-BE54-9A1E7A4F7556}") = "01_Largest_Common_End", "01_Largest_Common_End\01_Largest_Common_End.csproj", "{8C6C34FA-14C0-428D-804D-10836D671058}"
EndProject
Project("{9A19103F-16F7-4668-BE54-9A1E7A4F7556}") = "02_Rotate_And_Sum", "02_Rotate_And_Sum\02_Rotate_And_Sum.csproj", "{59033ADA-C7A3-4F45-BE30-D93382DFEF9A}"
EndProject
Project("{9A19103F-16F7-4668-BE54-9A1E7A4F7556}") = "03_Fold_And_Sum", "03_Fold_And_Sum\03_Fold_And_Sum.csproj", "{1D680EB9-9C2C-478B-B893-76E0276334D1}"
EndProject
Project("{9A19103F-16F7-4668-BE54-9A1E7A4F7556}") = "05_Compare_Char_Arrays", "05_Compare_Char_Arrays\05_Compare_Char_Arrays.csproj", "{73CE27CB-3B4A-4321-8704-5CCE5F2931B1}"
EndProject
Project("{9A19103F-16F7-4668-BE54-9A1E7A4F7556}") = "06_Max_Sequence_Of_Equal_Elements", "06_Max_Sequence_Of_Equal_Elements\06_Max_Sequence_Of_Equal_Elements.csproj", "{29899ED5-C401-4E1F-94DD-448AAADB88C2}"
EndProject
Project("{9A19103F-16F7-4668-BE54-9A1E7A4F7556}") = "07_Max_Sequence_Of_Increasing_Elements", "07_Max_Sequence_Of_Increasing_Elements\07_Max_Sequence_Of_Increasing_Elements.csproj", "{BFD9AD82-F836-4203-965B-127B525C67A2}"
EndProject
Project("{9A19103F-16F7-4668-BE54-9A1E7A4F7556}") = "08_Most_Frequent_Number", "08_Most_Frequent_Number\08_Most_Frequent_Number.csproj", "{663E1C09-014A-4F17-9350-41F6D0B0857F}"
EndProject
Project("{9A19103F-16F7-4668-BE54-9A1E7A4F7556}") = "09_Index_Of_Letters", "09_Index_Of_Letters\09_Index_Of_Letters.csproj", "{82757B00-3BBE-4644-9255-6FD34060ADF1}"
EndProject
Project("{FAE04EC0-301F-11D3-BF4B-00C04F79EFBC}") = "10_Pairs_By_Difference", "10_Pairs_By_Difference\10_Pairs_By_Difference.csproj", "{70FA2AAB-71C7-4982-8EF6-DAF77679D7F0}"
EndProject
Project("{FAE04EC0-301F-11D3-BF4B-00C04F79EFBC}") = "11_Equal_Sums", "11_Equal_Sums\11_Equal_Sums.csproj", "{9111E4AF-5931-4CD5-ADD7-67CA8A3BFDE7}"
EndProject
Global
	GlobalSection(SolutionConfigurationPlatforms) = preSolution
		Debug|Any CPU = Debug|Any CPU
		Release|Any CPU = Release|Any CPU
	EndGlobalSection
	GlobalSection(ProjectConfigurationPlatforms) = postSolution
		{38A5F5EF-2979-4B7A-B632-DE33A98CF75D}.Debug|Any CPU.ActiveCfg = Debug|Any CPU
		{38A5F5EF-2979-4B7A-B632-DE33A98CF75D}.Debug|Any CPU.Build.0 = Debug|Any CPU
		{38A5F5EF-2979-4B7A-B632-DE33A98CF75D}.Release|Any CPU.ActiveCfg = Release|Any CPU
		{38A5F5EF-2979-4B7A-B632-DE33A98CF75D}.Release|Any CPU.Build.0 = Release|Any CPU
		{8C6C34FA-14C0-428D-804D-10836D671058}.Debug|Any CPU.ActiveCfg = Debug|Any CPU
		{8C6C34FA-14C0-428D-804D-10836D671058}.Debug|Any CPU.Build.0 = Debug|Any CPU
		{8C6C34FA-14C0-428D-804D-10836D671058}.Release|Any CPU.ActiveCfg = Release|Any CPU
		{8C6C34FA-14C0-428D-804D-10836D671058}.Release|Any CPU.Build.0 = Release|Any CPU
		{59033ADA-C7A3-4F45-BE30-D93382DFEF9A}.Debug|Any CPU.ActiveCfg = Debug|Any CPU
		{59033ADA-C7A3-4F45-BE30-D93382DFEF9A}.Debug|Any CPU.Build.0 = Debug|Any CPU
		{59033ADA-C7A3-4F45-BE30-D93382DFEF9A}.Release|Any CPU.ActiveCfg = Release|Any CPU
		{59033ADA-C7A3-4F45-BE30-D93382DFEF9A}.Release|Any CPU.Build.0 = Release|Any CPU
		{1D680EB9-9C2C-478B-B893-76E0276334D1}.Debug|Any CPU.ActiveCfg = Debug|Any CPU
		{1D680EB9-9C2C-478B-B893-76E0276334D1}.Debug|Any CPU.Build.0 = Debug|Any CPU
		{1D680EB9-9C2C-478B-B893-76E0276334D1}.Release|Any CPU.ActiveCfg = Release|Any CPU
		{1D680EB9-9C2C-478B-B893-76E0276334D1}.Release|Any CPU.Build.0 = Release|Any CPU
		{73CE27CB-3B4A-4321-8704-5CCE5F2931B1}.Debug|Any CPU.ActiveCfg = Debug|Any CPU
		{73CE27CB-3B4A-4321-8704-5CCE5F2931B1}.Debug|Any CPU.Build.0 = Debug|Any CPU
		{73CE27CB-3B4A-4321-8704-5CCE5F2931B1}.Release|Any CPU.ActiveCfg = Release|Any CPU
		{73CE27CB-3B4A-4321-8704-5CCE5F2931B1}.Release|Any CPU.Build.0 = Release|Any CPU
		{29899ED5-C401-4E1F-94DD-448AAADB88C2}.Debug|Any CPU.ActiveCfg = Debug|Any CPU
		{29899ED5-C401-4E1F-94DD-448AAADB88C2}.Debug|Any CPU.Build.0 = Debug|Any CPU
		{29899ED5-C401-4E1F-94DD-448AAADB88C2}.Release|Any CPU.ActiveCfg = Release|Any CPU
		{29899ED5-C401-4E1F-94DD-448AAADB88C2}.Release|Any CPU.Build.0 = Release|Any CPU
		{BFD9AD82-F836-4203-965B-127B525C67A2}.Debug|Any CPU.ActiveCfg = Debug|Any CPU
		{BFD9AD82-F836-4203-965B-127B525C67A2}.Debug|Any CPU.Build.0 = Debug|Any CPU
		{BFD9AD82-F836-4203-965B-127B525C67A2}.Release|Any CPU.ActiveCfg = Release|Any CPU
		{BFD9AD82-F836-4203-965B-127B525C67A2}.Release|Any CPU.Build.0 = Release|Any CPU
		{663E1C09-014A-4F17-9350-41F6D0B0857F}.Debug|Any CPU.ActiveCfg = Debug|Any CPU
		{663E1C09-014A-4F17-9350-41F6D0B0857F}.Debug|Any CPU.Build.0 = Debug|Any CPU
		{663E1C09-014A-4F17-9350-41F6D0B0857F}.Release|Any CPU.ActiveCfg = Release|Any CPU
		{663E1C09-014A-4F17-9350-41F6D0B0857F}.Release|Any CPU.Build.0 = Release|Any CPU
		{82757B00-3BBE-4644-9255-6FD34060ADF1}.Debug|Any CPU.ActiveCfg = Debug|Any CPU
		{82757B00-3BBE-4644-9255-6FD34060ADF1}.Debug|Any CPU.Build.0 = Debug|Any CPU
		{82757B00-3BBE-4644-9255-6FD34060ADF1}.Release|Any CPU.ActiveCfg = Release|Any CPU
		{82757B00-3BBE-4644-9255-6FD34060ADF1}.Release|Any CPU.Build.0 = Release|Any CPU
		{70FA2AAB-71C7-4982-8EF6-DAF77679D7F0}.Debug|Any CPU.ActiveCfg = Debug|Any CPU
		{70FA2AAB-71C7-4982-8EF6-DAF77679D7F0}.Debug|Any CPU.Build.0 = Debug|Any CPU
		{70FA2AAB-71C7-4982-8EF6-DAF77679D7F0}.Release|Any CPU.ActiveCfg = Release|Any CPU
		{70FA2AAB-71C7-4982-8EF6-DAF77679D7F0}.Release|Any CPU.Build.0 = Release|Any CPU
		{9111E4AF-5931-4CD5-ADD7-67CA8A3BFDE7}.Debug|Any CPU.ActiveCfg = Debug|Any CPU
		{9111E4AF-5931-4CD5-ADD7-67CA8A3BFDE7}.Debug|Any CPU.Build.0 = Debug|Any CPU
		{9111E4AF-5931-4CD5-ADD7-67CA8A3BFDE7}.Release|Any CPU.ActiveCfg = Release|Any CPU
		{9111E4AF-5931-4CD5-ADD7-67CA8A3BFDE7}.Release|Any CPU.Build.0 = Release|Any CPU
	EndGlobalSection
	GlobalSection(SolutionProperties) = preSolution
		HideSolutionNode = FALSE
	EndGlobalSection
	GlobalSection(ExtensibilityGlobals) = postSolution
		SolutionGuid = {487E1379-17E4-42F4-A51C-EC34F4A06E49}
	EndGlobalSection
EndGlobal
