
Microsoft Visual Studio Solution File, Format Version 12.00
# Visual Studio Version 16
VisualStudioVersion = 16.0.31005.135
MinimumVisualStudioVersion = 10.0.40219.1
Project("{9A19103F-16F7-4668-BE54-9A1E7A4F7556}") = "01-ElectricalSubstationNetwork", "01-ElectricalSubstationNetwork\01-ElectricalSubstationNetwork.csproj", "{03332850-B84B-4C21-A181-6C2436181C06}"
EndProject
Project("{9A19103F-16F7-4668-BE54-9A1E7A4F7556}") = "02-MaximumTasksAssignment", "02-MaximumTasksAssignment\02-MaximumTasksAssignment.csproj", "{B2180AF7-4118-471B-A3AC-0635F65E3045}"
EndProject
Project("{9A19103F-16F7-4668-BE54-9A1E7A4F7556}") = "03-FindBi-ConnectedComponents", "03-FindBi-ConnectedComponents\03-FindBi-ConnectedComponents.csproj", "{67ADA6BE-E688-48EF-894D-8B38524B356F}"
EndProject
Global
	GlobalSection(SolutionConfigurationPlatforms) = preSolution
		Debug|Any CPU = Debug|Any CPU
		Release|Any CPU = Release|Any CPU
	EndGlobalSection
	GlobalSection(ProjectConfigurationPlatforms) = postSolution
		{03332850-B84B-4C21-A181-6C2436181C06}.Debug|Any CPU.ActiveCfg = Debug|Any CPU
		{03332850-B84B-4C21-A181-6C2436181C06}.Debug|Any CPU.Build.0 = Debug|Any CPU
		{03332850-B84B-4C21-A181-6C2436181C06}.Release|Any CPU.ActiveCfg = Release|Any CPU
		{03332850-B84B-4C21-A181-6C2436181C06}.Release|Any CPU.Build.0 = Release|Any CPU
		{B2180AF7-4118-471B-A3AC-0635F65E3045}.Debug|Any CPU.ActiveCfg = Debug|Any CPU
		{B2180AF7-4118-471B-A3AC-0635F65E3045}.Debug|Any CPU.Build.0 = Debug|Any CPU
		{B2180AF7-4118-471B-A3AC-0635F65E3045}.Release|Any CPU.ActiveCfg = Release|Any CPU
		{B2180AF7-4118-471B-A3AC-0635F65E3045}.Release|Any CPU.Build.0 = Release|Any CPU
		{67ADA6BE-E688-48EF-894D-8B38524B356F}.Debug|Any CPU.ActiveCfg = Debug|Any CPU
		{67ADA6BE-E688-48EF-894D-8B38524B356F}.Debug|Any CPU.Build.0 = Debug|Any CPU
		{67ADA6BE-E688-48EF-894D-8B38524B356F}.Release|Any CPU.ActiveCfg = Release|Any CPU
		{67ADA6BE-E688-48EF-894D-8B38524B356F}.Release|Any CPU.Build.0 = Release|Any CPU
	EndGlobalSection
	GlobalSection(SolutionProperties) = preSolution
		HideSolutionNode = FALSE
	EndGlobalSection
	GlobalSection(ExtensibilityGlobals) = postSolution
		SolutionGuid = {32C2D8D4-35F3-4BAA-8D4F-13CDE71AA706}
	EndGlobalSection
EndGlobal
