
Microsoft Visual Studio Solution File, Format Version 12.00
# Visual Studio 15
VisualStudioVersion = 15.0.28010.0
MinimumVisualStudioVersion = 10.0.40219.1
Project("{FAE04EC0-301F-11D3-BF4B-00C04F79EFBC}") = "01_Blank_Receipt", "01_Blank_Receipt\01_Blank_Receipt.csproj", "{9BBF9E0B-CE90-49B0-A056-8401EFAAC604}"
EndProject
Project("{FAE04EC0-301F-11D3-BF4B-00C04F79EFBC}") = "02_Sign_Of_Integer_Number", "02_Sign_Of_Integer_Number\02_Sign_Of_Integer_Number.csproj", "{496B2657-57CE-4C06-88EC-023567C62DFE}"
EndProject
Project("{FAE04EC0-301F-11D3-BF4B-00C04F79EFBC}") = "03_Printing_Triangle", "03_Printing_Triangle\03_Printing_Triangle.csproj", "{4485A846-0680-4454-B893-6271E0A5BA03}"
EndProject
Project("{FAE04EC0-301F-11D3-BF4B-00C04F79EFBC}") = "04_Draw_A_Filled_Square", "04_Draw_A_Filled_Square\04_Draw_A_Filled_Square.csproj", "{2463D09B-BB82-4BAB-945E-CF2295D48076}"
EndProject
Project("{FAE04EC0-301F-11D3-BF4B-00C04F79EFBC}") = "05_Temperature_Conversion", "05_Temperature_Conversion\05_Temperature_Conversion.csproj", "{811460F6-1258-4DE1-92EF-5D8551449B6E}"
EndProject
Project("{FAE04EC0-301F-11D3-BF4B-00C04F79EFBC}") = "06_Calculate_Triangle_Area", "06_Calculate_Triangle_Area\06_Calculate_Triangle_Area.csproj", "{0AF0603C-3DB9-476C-AB98-77626DF75B5B}"
EndProject
Project("{FAE04EC0-301F-11D3-BF4B-00C04F79EFBC}") = "07_Math_Power", "07_Math_Power\07_Math_Power.csproj", "{AF5B40AE-C819-4B6D-8864-8A10EA3591EE}"
EndProject
Project("{FAE04EC0-301F-11D3-BF4B-00C04F79EFBC}") = "08_Greater_Of_Two_Values", "08_Greater_Of_Two_Values\08_Greater_Of_Two_Values.csproj", "{DFB1232C-DB0F-4E80-85AC-B93731898C96}"
EndProject
Project("{FAE04EC0-301F-11D3-BF4B-00C04F79EFBC}") = "09_Multiply_Evens_By_Odds", "09_Multiply_Evens_By_Odds\09_Multiply_Evens_By_Odds.csproj", "{03F6F36C-1AA6-413C-8BFA-E4FC893A73F0}"
EndProject
Project("{FAE04EC0-301F-11D3-BF4B-00C04F79EFBC}") = "10_Holidays_Between_Two_Dates", "10_Holidays_Between_Two_Dates\10_Holidays_Between_Two_Dates.csproj", "{A3113AF6-4E13-4EE9-8C47-C46897A829C3}"
EndProject
Project("{FAE04EC0-301F-11D3-BF4B-00C04F79EFBC}") = "11_Price_Change_Alert", "11_Price_Change_Alert\11_Price_Change_Alert.csproj", "{32096BE2-FC31-4128-A3D6-361687D29932}"
EndProject
Global
	GlobalSection(SolutionConfigurationPlatforms) = preSolution
		Debug|Any CPU = Debug|Any CPU
		Release|Any CPU = Release|Any CPU
	EndGlobalSection
	GlobalSection(ProjectConfigurationPlatforms) = postSolution
		{9BBF9E0B-CE90-49B0-A056-8401EFAAC604}.Debug|Any CPU.ActiveCfg = Debug|Any CPU
		{9BBF9E0B-CE90-49B0-A056-8401EFAAC604}.Debug|Any CPU.Build.0 = Debug|Any CPU
		{9BBF9E0B-CE90-49B0-A056-8401EFAAC604}.Release|Any CPU.ActiveCfg = Release|Any CPU
		{9BBF9E0B-CE90-49B0-A056-8401EFAAC604}.Release|Any CPU.Build.0 = Release|Any CPU
		{496B2657-57CE-4C06-88EC-023567C62DFE}.Debug|Any CPU.ActiveCfg = Debug|Any CPU
		{496B2657-57CE-4C06-88EC-023567C62DFE}.Debug|Any CPU.Build.0 = Debug|Any CPU
		{496B2657-57CE-4C06-88EC-023567C62DFE}.Release|Any CPU.ActiveCfg = Release|Any CPU
		{496B2657-57CE-4C06-88EC-023567C62DFE}.Release|Any CPU.Build.0 = Release|Any CPU
		{4485A846-0680-4454-B893-6271E0A5BA03}.Debug|Any CPU.ActiveCfg = Debug|Any CPU
		{4485A846-0680-4454-B893-6271E0A5BA03}.Debug|Any CPU.Build.0 = Debug|Any CPU
		{4485A846-0680-4454-B893-6271E0A5BA03}.Release|Any CPU.ActiveCfg = Release|Any CPU
		{4485A846-0680-4454-B893-6271E0A5BA03}.Release|Any CPU.Build.0 = Release|Any CPU
		{2463D09B-BB82-4BAB-945E-CF2295D48076}.Debug|Any CPU.ActiveCfg = Debug|Any CPU
		{2463D09B-BB82-4BAB-945E-CF2295D48076}.Debug|Any CPU.Build.0 = Debug|Any CPU
		{2463D09B-BB82-4BAB-945E-CF2295D48076}.Release|Any CPU.ActiveCfg = Release|Any CPU
		{2463D09B-BB82-4BAB-945E-CF2295D48076}.Release|Any CPU.Build.0 = Release|Any CPU
		{811460F6-1258-4DE1-92EF-5D8551449B6E}.Debug|Any CPU.ActiveCfg = Debug|Any CPU
		{811460F6-1258-4DE1-92EF-5D8551449B6E}.Debug|Any CPU.Build.0 = Debug|Any CPU
		{811460F6-1258-4DE1-92EF-5D8551449B6E}.Release|Any CPU.ActiveCfg = Release|Any CPU
		{811460F6-1258-4DE1-92EF-5D8551449B6E}.Release|Any CPU.Build.0 = Release|Any CPU
		{0AF0603C-3DB9-476C-AB98-77626DF75B5B}.Debug|Any CPU.ActiveCfg = Debug|Any CPU
		{0AF0603C-3DB9-476C-AB98-77626DF75B5B}.Debug|Any CPU.Build.0 = Debug|Any CPU
		{0AF0603C-3DB9-476C-AB98-77626DF75B5B}.Release|Any CPU.ActiveCfg = Release|Any CPU
		{0AF0603C-3DB9-476C-AB98-77626DF75B5B}.Release|Any CPU.Build.0 = Release|Any CPU
		{AF5B40AE-C819-4B6D-8864-8A10EA3591EE}.Debug|Any CPU.ActiveCfg = Debug|Any CPU
		{AF5B40AE-C819-4B6D-8864-8A10EA3591EE}.Debug|Any CPU.Build.0 = Debug|Any CPU
		{AF5B40AE-C819-4B6D-8864-8A10EA3591EE}.Release|Any CPU.ActiveCfg = Release|Any CPU
		{AF5B40AE-C819-4B6D-8864-8A10EA3591EE}.Release|Any CPU.Build.0 = Release|Any CPU
		{DFB1232C-DB0F-4E80-85AC-B93731898C96}.Debug|Any CPU.ActiveCfg = Debug|Any CPU
		{DFB1232C-DB0F-4E80-85AC-B93731898C96}.Debug|Any CPU.Build.0 = Debug|Any CPU
		{DFB1232C-DB0F-4E80-85AC-B93731898C96}.Release|Any CPU.ActiveCfg = Release|Any CPU
		{DFB1232C-DB0F-4E80-85AC-B93731898C96}.Release|Any CPU.Build.0 = Release|Any CPU
		{03F6F36C-1AA6-413C-8BFA-E4FC893A73F0}.Debug|Any CPU.ActiveCfg = Debug|Any CPU
		{03F6F36C-1AA6-413C-8BFA-E4FC893A73F0}.Debug|Any CPU.Build.0 = Debug|Any CPU
		{03F6F36C-1AA6-413C-8BFA-E4FC893A73F0}.Release|Any CPU.ActiveCfg = Release|Any CPU
		{03F6F36C-1AA6-413C-8BFA-E4FC893A73F0}.Release|Any CPU.Build.0 = Release|Any CPU
		{A3113AF6-4E13-4EE9-8C47-C46897A829C3}.Debug|Any CPU.ActiveCfg = Debug|Any CPU
		{A3113AF6-4E13-4EE9-8C47-C46897A829C3}.Debug|Any CPU.Build.0 = Debug|Any CPU
		{A3113AF6-4E13-4EE9-8C47-C46897A829C3}.Release|Any CPU.ActiveCfg = Release|Any CPU
		{A3113AF6-4E13-4EE9-8C47-C46897A829C3}.Release|Any CPU.Build.0 = Release|Any CPU
		{32096BE2-FC31-4128-A3D6-361687D29932}.Debug|Any CPU.ActiveCfg = Debug|Any CPU
		{32096BE2-FC31-4128-A3D6-361687D29932}.Debug|Any CPU.Build.0 = Debug|Any CPU
		{32096BE2-FC31-4128-A3D6-361687D29932}.Release|Any CPU.ActiveCfg = Release|Any CPU
		{32096BE2-FC31-4128-A3D6-361687D29932}.Release|Any CPU.Build.0 = Release|Any CPU
	EndGlobalSection
	GlobalSection(SolutionProperties) = preSolution
		HideSolutionNode = FALSE
	EndGlobalSection
	GlobalSection(ExtensibilityGlobals) = postSolution
		SolutionGuid = {79F36DB2-1ACC-40B7-AF12-3AD58A137849}
	EndGlobalSection
EndGlobal
