
Microsoft Visual Studio Solution File, Format Version 12.00
# Visual Studio 15
VisualStudioVersion = 15.0.28010.2003
MinimumVisualStudioVersion = 10.0.40219.1
Project("{FAE04EC0-301F-11D3-BF4B-00C04F79EFBC}") = "01_SoftUni_Airline", "01_SoftUni_Airline\01_SoftUni_Airline.csproj", "{8470C60D-9A76-4D6F-B3DD-B67C0BBDB806}"
EndProject
Project("{FAE04EC0-301F-11D3-BF4B-00C04F79EFBC}") = "02_SoftUni_Water_Supplies", "02_SoftUni_Water_Supplies\02_SoftUni_Water_Supplies.csproj", "{B5E8DDBF-248A-4FC1-AB04-1CACB02E37D3}"
EndProject
Project("{FAE04EC0-301F-11D3-BF4B-00C04F79EFBC}") = "03_Matrix_Operator", "03_Matrix_Operator\03_Matrix_Operator.csproj", "{8CFD3F29-3219-4DC4-9B3F-5F49B2A8245B}"
EndProject
Project("{FAE04EC0-301F-11D3-BF4B-00C04F79EFBC}") = "04_SoftUni_Coffee_Supplies", "04_SoftUni_Coffee_Supplies\04_SoftUni_Coffee_Supplies.csproj", "{87EA01C4-DCDA-49F3-A5B2-A376869C75F0}"
EndProject
Global
	GlobalSection(SolutionConfigurationPlatforms) = preSolution
		Debug|Any CPU = Debug|Any CPU
		Release|Any CPU = Release|Any CPU
	EndGlobalSection
	GlobalSection(ProjectConfigurationPlatforms) = postSolution
		{8470C60D-9A76-4D6F-B3DD-B67C0BBDB806}.Debug|Any CPU.ActiveCfg = Debug|Any CPU
		{8470C60D-9A76-4D6F-B3DD-B67C0BBDB806}.Debug|Any CPU.Build.0 = Debug|Any CPU
		{8470C60D-9A76-4D6F-B3DD-B67C0BBDB806}.Release|Any CPU.ActiveCfg = Release|Any CPU
		{8470C60D-9A76-4D6F-B3DD-B67C0BBDB806}.Release|Any CPU.Build.0 = Release|Any CPU
		{B5E8DDBF-248A-4FC1-AB04-1CACB02E37D3}.Debug|Any CPU.ActiveCfg = Debug|Any CPU
		{B5E8DDBF-248A-4FC1-AB04-1CACB02E37D3}.Debug|Any CPU.Build.0 = Debug|Any CPU
		{B5E8DDBF-248A-4FC1-AB04-1CACB02E37D3}.Release|Any CPU.ActiveCfg = Release|Any CPU
		{B5E8DDBF-248A-4FC1-AB04-1CACB02E37D3}.Release|Any CPU.Build.0 = Release|Any CPU
		{8CFD3F29-3219-4DC4-9B3F-5F49B2A8245B}.Debug|Any CPU.ActiveCfg = Debug|Any CPU
		{8CFD3F29-3219-4DC4-9B3F-5F49B2A8245B}.Debug|Any CPU.Build.0 = Debug|Any CPU
		{8CFD3F29-3219-4DC4-9B3F-5F49B2A8245B}.Release|Any CPU.ActiveCfg = Release|Any CPU
		{8CFD3F29-3219-4DC4-9B3F-5F49B2A8245B}.Release|Any CPU.Build.0 = Release|Any CPU
		{87EA01C4-DCDA-49F3-A5B2-A376869C75F0}.Debug|Any CPU.ActiveCfg = Debug|Any CPU
		{87EA01C4-DCDA-49F3-A5B2-A376869C75F0}.Debug|Any CPU.Build.0 = Debug|Any CPU
		{87EA01C4-DCDA-49F3-A5B2-A376869C75F0}.Release|Any CPU.ActiveCfg = Release|Any CPU
		{87EA01C4-DCDA-49F3-A5B2-A376869C75F0}.Release|Any CPU.Build.0 = Release|Any CPU
	EndGlobalSection
	GlobalSection(SolutionProperties) = preSolution
		HideSolutionNode = FALSE
	EndGlobalSection
	GlobalSection(ExtensibilityGlobals) = postSolution
		SolutionGuid = {E66CCEA8-13D0-4EBE-94FB-C93F25443F80}
	EndGlobalSection
EndGlobal
