
Microsoft Visual Studio Solution File, Format Version 12.00
# Visual Studio Version 16
VisualStudioVersion = 16.0.30413.136
MinimumVisualStudioVersion = 10.0.40219.1
Project("{9A19103F-16F7-4668-BE54-9A1E7A4F7556}") = "Demo", "Demo\Demo.csproj", "{D1A3C012-F438-4206-88CB-289EFF995454}"
EndProject
Global
	GlobalSection(SolutionConfigurationPlatforms) = preSolution
		Debug|Any CPU = Debug|Any CPU
		Release|Any CPU = Release|Any CPU
	EndGlobalSection
	GlobalSection(ProjectConfigurationPlatforms) = postSolution
		{D1A3C012-F438-4206-88CB-289EFF995454}.Debug|Any CPU.ActiveCfg = Debug|Any CPU
		{D1A3C012-F438-4206-88CB-289EFF995454}.Debug|Any CPU.Build.0 = Debug|Any CPU
		{D1A3C012-F438-4206-88CB-289EFF995454}.Release|Any CPU.ActiveCfg = Release|Any CPU
		{D1A3C012-F438-4206-88CB-289EFF995454}.Release|Any CPU.Build.0 = Release|Any CPU
	EndGlobalSection
	GlobalSection(SolutionProperties) = preSolution
		HideSolutionNode = FALSE
	EndGlobalSection
	GlobalSection(ExtensibilityGlobals) = postSolution
		SolutionGuid = {B13BF76E-27B0-45A2-A844-A32E85E62D19}
	EndGlobalSection
EndGlobal
