
Microsoft Visual Studio Solution File, Format Version 12.00
# Visual Studio 15
VisualStudioVersion = 15.0.28010.0
MinimumVisualStudioVersion = 10.0.40219.1
Project("{FAE04EC0-301F-11D3-BF4B-00C04F79EFBC}") = "01_X", "01_X\01_X.csproj", "{D630A113-A744-431F-BFDE-3CE5F00D7C95}"
EndProject
Project("{FAE04EC0-301F-11D3-BF4B-00C04F79EFBC}") = "02_Vapor_Store", "02_Vapor_Store\02_Vapor_Store.csproj", "{62E25CC1-E580-4BE3-A881-E1C515605BF3}"
EndProject
Project("{FAE04EC0-301F-11D3-BF4B-00C04F79EFBC}") = "03_Megapixels", "03_Megapixels\03_Megapixels.csproj", "{167D7CAD-496D-4CC5-8021-D7DF69CFD3BF}"
EndProject
Project("{FAE04EC0-301F-11D3-BF4B-00C04F79EFBC}") = "04_Photo_Gallery", "04_Photo_Gallery\04_Photo_Gallery.csproj", "{DCF1C03C-6C20-4FF5-A43A-6CCC18FE5A98}"
EndProject
Project("{FAE04EC0-301F-11D3-BF4B-00C04F79EFBC}") = "05_BPM_Counter", "05_BPM_Counter\05_BPM_Counter.csproj", "{BC37BA68-5B36-4CFC-A453-EA514229DF76}"
EndProject
Project("{FAE04EC0-301F-11D3-BF4B-00C04F79EFBC}") = "06_DNA_Sequences", "06_DNA_Sequences\06_DNA_Sequences.csproj", "{05E59492-8A93-4795-A0B7-3C83DA8A3C8D}"
EndProject
Project("{FAE04EC0-301F-11D3-BF4B-00C04F79EFBC}") = "07_Training_Hall_Equipment", "07_Training_Hall_Equipment\07_Training_Hall_Equipment.csproj", "{E99B94A0-CB56-48E1-AC3D-DD2D84935B08}"
EndProject
Project("{FAE04EC0-301F-11D3-BF4B-00C04F79EFBC}") = "08_SMS_Typing", "08_SMS_Typing\08_SMS_Typing.csproj", "{61B85590-718C-42B8-8164-C377D09E1CFB}"
EndProject
Global
	GlobalSection(SolutionConfigurationPlatforms) = preSolution
		Debug|Any CPU = Debug|Any CPU
		Release|Any CPU = Release|Any CPU
	EndGlobalSection
	GlobalSection(ProjectConfigurationPlatforms) = postSolution
		{D630A113-A744-431F-BFDE-3CE5F00D7C95}.Debug|Any CPU.ActiveCfg = Debug|Any CPU
		{D630A113-A744-431F-BFDE-3CE5F00D7C95}.Debug|Any CPU.Build.0 = Debug|Any CPU
		{D630A113-A744-431F-BFDE-3CE5F00D7C95}.Release|Any CPU.ActiveCfg = Release|Any CPU
		{D630A113-A744-431F-BFDE-3CE5F00D7C95}.Release|Any CPU.Build.0 = Release|Any CPU
		{62E25CC1-E580-4BE3-A881-E1C515605BF3}.Debug|Any CPU.ActiveCfg = Debug|Any CPU
		{62E25CC1-E580-4BE3-A881-E1C515605BF3}.Debug|Any CPU.Build.0 = Debug|Any CPU
		{62E25CC1-E580-4BE3-A881-E1C515605BF3}.Release|Any CPU.ActiveCfg = Release|Any CPU
		{62E25CC1-E580-4BE3-A881-E1C515605BF3}.Release|Any CPU.Build.0 = Release|Any CPU
		{167D7CAD-496D-4CC5-8021-D7DF69CFD3BF}.Debug|Any CPU.ActiveCfg = Debug|Any CPU
		{167D7CAD-496D-4CC5-8021-D7DF69CFD3BF}.Debug|Any CPU.Build.0 = Debug|Any CPU
		{167D7CAD-496D-4CC5-8021-D7DF69CFD3BF}.Release|Any CPU.ActiveCfg = Release|Any CPU
		{167D7CAD-496D-4CC5-8021-D7DF69CFD3BF}.Release|Any CPU.Build.0 = Release|Any CPU
		{DCF1C03C-6C20-4FF5-A43A-6CCC18FE5A98}.Debug|Any CPU.ActiveCfg = Debug|Any CPU
		{DCF1C03C-6C20-4FF5-A43A-6CCC18FE5A98}.Debug|Any CPU.Build.0 = Debug|Any CPU
		{DCF1C03C-6C20-4FF5-A43A-6CCC18FE5A98}.Release|Any CPU.ActiveCfg = Release|Any CPU
		{DCF1C03C-6C20-4FF5-A43A-6CCC18FE5A98}.Release|Any CPU.Build.0 = Release|Any CPU
		{BC37BA68-5B36-4CFC-A453-EA514229DF76}.Debug|Any CPU.ActiveCfg = Debug|Any CPU
		{BC37BA68-5B36-4CFC-A453-EA514229DF76}.Debug|Any CPU.Build.0 = Debug|Any CPU
		{BC37BA68-5B36-4CFC-A453-EA514229DF76}.Release|Any CPU.ActiveCfg = Release|Any CPU
		{BC37BA68-5B36-4CFC-A453-EA514229DF76}.Release|Any CPU.Build.0 = Release|Any CPU
		{05E59492-8A93-4795-A0B7-3C83DA8A3C8D}.Debug|Any CPU.ActiveCfg = Debug|Any CPU
		{05E59492-8A93-4795-A0B7-3C83DA8A3C8D}.Debug|Any CPU.Build.0 = Debug|Any CPU
		{05E59492-8A93-4795-A0B7-3C83DA8A3C8D}.Release|Any CPU.ActiveCfg = Release|Any CPU
		{05E59492-8A93-4795-A0B7-3C83DA8A3C8D}.Release|Any CPU.Build.0 = Release|Any CPU
		{E99B94A0-CB56-48E1-AC3D-DD2D84935B08}.Debug|Any CPU.ActiveCfg = Debug|Any CPU
		{E99B94A0-CB56-48E1-AC3D-DD2D84935B08}.Debug|Any CPU.Build.0 = Debug|Any CPU
		{E99B94A0-CB56-48E1-AC3D-DD2D84935B08}.Release|Any CPU.ActiveCfg = Release|Any CPU
		{E99B94A0-CB56-48E1-AC3D-DD2D84935B08}.Release|Any CPU.Build.0 = Release|Any CPU
		{61B85590-718C-42B8-8164-C377D09E1CFB}.Debug|Any CPU.ActiveCfg = Debug|Any CPU
		{61B85590-718C-42B8-8164-C377D09E1CFB}.Debug|Any CPU.Build.0 = Debug|Any CPU
		{61B85590-718C-42B8-8164-C377D09E1CFB}.Release|Any CPU.ActiveCfg = Release|Any CPU
		{61B85590-718C-42B8-8164-C377D09E1CFB}.Release|Any CPU.Build.0 = Release|Any CPU
	EndGlobalSection
	GlobalSection(SolutionProperties) = preSolution
		HideSolutionNode = FALSE
	EndGlobalSection
	GlobalSection(ExtensibilityGlobals) = postSolution
		SolutionGuid = {97314486-8058-4A05-AEB4-261BA77D054E}
	EndGlobalSection
EndGlobal
