
Microsoft Visual Studio Solution File, Format Version 12.00
# Visual Studio 15
VisualStudioVersion = 15.0.28010.0
MinimumVisualStudioVersion = 10.0.40219.1
Project("{9A19103F-16F7-4668-BE54-9A1E7A4F7556}") = "01_Centuries_To_Minutes", "01_Centuries_To_Minutes\01_Centuries_To_Minutes.csproj", "{A069BC80-0BA2-493D-AD43-42C2898A6F63}"
EndProject
Project("{FAE04EC0-301F-11D3-BF4B-00C04F79EFBC}") = "02_Circle_Area", "02_Circle_Area\02_Circle_Area.csproj", "{FDEAD230-CD53-4220-9653-E1B93F0AC586}"
EndProject
Project("{FAE04EC0-301F-11D3-BF4B-00C04F79EFBC}") = "03_Exact_Sum_Of_Real_Numbers", "03_Exact_Sum_Of_Real_Numbers\03_Exact_Sum_Of_Real_Numbers.csproj", "{F6466C40-8F73-4D38-B35F-AF337CDBF059}"
EndProject
Project("{FAE04EC0-301F-11D3-BF4B-00C04F79EFBC}") = "04_Elevator", "04_Elevator\04_Elevator.csproj", "{5488104B-4368-4D97-AE9F-DD1C27959F71}"
EndProject
Project("{FAE04EC0-301F-11D3-BF4B-00C04F79EFBC}") = "05_Special_Numbers", "05_Special_Numbers\05_Special_Numbers.csproj", "{B4F11606-182C-463E-8E87-C49344FACAA2}"
EndProject
Project("{FAE04EC0-301F-11D3-BF4B-00C04F79EFBC}") = "06_Triples_Of_Latin_Letters", "06_Triples_Of_Latin_Letters\06_Triples_Of_Latin_Letters.csproj", "{2B29D130-B507-4DFA-A0BE-7AAE6F28E258}"
EndProject
Project("{FAE04EC0-301F-11D3-BF4B-00C04F79EFBC}") = "07_Greeting", "07_Greeting\07_Greeting.csproj", "{2144A4CB-90BC-4532-9E40-8DB2EFE285DD}"
EndProject
Project("{FAE04EC0-301F-11D3-BF4B-00C04F79EFBC}") = "08_Refactor_Volume_Of_Pyramid", "08_Refactor_Volume_Of_Pyramid\08_Refactor_Volume_Of_Pyramid.csproj", "{4F46B4FB-F144-4C75-9240-92DA3C8E2845}"
EndProject
Project("{FAE04EC0-301F-11D3-BF4B-00C04F79EFBC}") = "09_Refactor_Special_Numbers", "09_Refactor_Special_Numbers\09_Refactor_Special_Numbers.csproj", "{B55C6D06-A4FA-44DB-AFCF-064041CD0D6C}"
EndProject
Global
	GlobalSection(SolutionConfigurationPlatforms) = preSolution
		Debug|Any CPU = Debug|Any CPU
		Release|Any CPU = Release|Any CPU
	EndGlobalSection
	GlobalSection(ProjectConfigurationPlatforms) = postSolution
		{A069BC80-0BA2-493D-AD43-42C2898A6F63}.Debug|Any CPU.ActiveCfg = Debug|Any CPU
		{A069BC80-0BA2-493D-AD43-42C2898A6F63}.Debug|Any CPU.Build.0 = Debug|Any CPU
		{A069BC80-0BA2-493D-AD43-42C2898A6F63}.Release|Any CPU.ActiveCfg = Release|Any CPU
		{A069BC80-0BA2-493D-AD43-42C2898A6F63}.Release|Any CPU.Build.0 = Release|Any CPU
		{FDEAD230-CD53-4220-9653-E1B93F0AC586}.Debug|Any CPU.ActiveCfg = Debug|Any CPU
		{FDEAD230-CD53-4220-9653-E1B93F0AC586}.Debug|Any CPU.Build.0 = Debug|Any CPU
		{FDEAD230-CD53-4220-9653-E1B93F0AC586}.Release|Any CPU.ActiveCfg = Release|Any CPU
		{FDEAD230-CD53-4220-9653-E1B93F0AC586}.Release|Any CPU.Build.0 = Release|Any CPU
		{F6466C40-8F73-4D38-B35F-AF337CDBF059}.Debug|Any CPU.ActiveCfg = Debug|Any CPU
		{F6466C40-8F73-4D38-B35F-AF337CDBF059}.Debug|Any CPU.Build.0 = Debug|Any CPU
		{F6466C40-8F73-4D38-B35F-AF337CDBF059}.Release|Any CPU.ActiveCfg = Release|Any CPU
		{F6466C40-8F73-4D38-B35F-AF337CDBF059}.Release|Any CPU.Build.0 = Release|Any CPU
		{5488104B-4368-4D97-AE9F-DD1C27959F71}.Debug|Any CPU.ActiveCfg = Debug|Any CPU
		{5488104B-4368-4D97-AE9F-DD1C27959F71}.Debug|Any CPU.Build.0 = Debug|Any CPU
		{5488104B-4368-4D97-AE9F-DD1C27959F71}.Release|Any CPU.ActiveCfg = Release|Any CPU
		{5488104B-4368-4D97-AE9F-DD1C27959F71}.Release|Any CPU.Build.0 = Release|Any CPU
		{B4F11606-182C-463E-8E87-C49344FACAA2}.Debug|Any CPU.ActiveCfg = Debug|Any CPU
		{B4F11606-182C-463E-8E87-C49344FACAA2}.Debug|Any CPU.Build.0 = Debug|Any CPU
		{B4F11606-182C-463E-8E87-C49344FACAA2}.Release|Any CPU.ActiveCfg = Release|Any CPU
		{B4F11606-182C-463E-8E87-C49344FACAA2}.Release|Any CPU.Build.0 = Release|Any CPU
		{2B29D130-B507-4DFA-A0BE-7AAE6F28E258}.Debug|Any CPU.ActiveCfg = Debug|Any CPU
		{2B29D130-B507-4DFA-A0BE-7AAE6F28E258}.Debug|Any CPU.Build.0 = Debug|Any CPU
		{2B29D130-B507-4DFA-A0BE-7AAE6F28E258}.Release|Any CPU.ActiveCfg = Release|Any CPU
		{2B29D130-B507-4DFA-A0BE-7AAE6F28E258}.Release|Any CPU.Build.0 = Release|Any CPU
		{2144A4CB-90BC-4532-9E40-8DB2EFE285DD}.Debug|Any CPU.ActiveCfg = Debug|Any CPU
		{2144A4CB-90BC-4532-9E40-8DB2EFE285DD}.Debug|Any CPU.Build.0 = Debug|Any CPU
		{2144A4CB-90BC-4532-9E40-8DB2EFE285DD}.Release|Any CPU.ActiveCfg = Release|Any CPU
		{2144A4CB-90BC-4532-9E40-8DB2EFE285DD}.Release|Any CPU.Build.0 = Release|Any CPU
		{4F46B4FB-F144-4C75-9240-92DA3C8E2845}.Debug|Any CPU.ActiveCfg = Debug|Any CPU
		{4F46B4FB-F144-4C75-9240-92DA3C8E2845}.Debug|Any CPU.Build.0 = Debug|Any CPU
		{4F46B4FB-F144-4C75-9240-92DA3C8E2845}.Release|Any CPU.ActiveCfg = Release|Any CPU
		{4F46B4FB-F144-4C75-9240-92DA3C8E2845}.Release|Any CPU.Build.0 = Release|Any CPU
		{B55C6D06-A4FA-44DB-AFCF-064041CD0D6C}.Debug|Any CPU.ActiveCfg = Debug|Any CPU
		{B55C6D06-A4FA-44DB-AFCF-064041CD0D6C}.Debug|Any CPU.Build.0 = Debug|Any CPU
		{B55C6D06-A4FA-44DB-AFCF-064041CD0D6C}.Release|Any CPU.ActiveCfg = Release|Any CPU
		{B55C6D06-A4FA-44DB-AFCF-064041CD0D6C}.Release|Any CPU.Build.0 = Release|Any CPU
	EndGlobalSection
	GlobalSection(SolutionProperties) = preSolution
		HideSolutionNode = FALSE
	EndGlobalSection
	GlobalSection(ExtensibilityGlobals) = postSolution
		SolutionGuid = {6411A105-C9E5-4323-AD21-D5878A6B94FB}
	EndGlobalSection
EndGlobal
