
Microsoft Visual Studio Solution File, Format Version 12.00
# Visual Studio Version 16
VisualStudioVersion = 16.0.31005.135
MinimumVisualStudioVersion = 10.0.40219.1
Project("{9A19103F-16F7-4668-BE54-9A1E7A4F7556}") = "01-TourDeSofia", "01-TourDeSofia\01-TourDeSofia.csproj", "{5C70CCD6-3882-46D2-B8C5-93F970F7E727}"
EndProject
Project("{9A19103F-16F7-4668-BE54-9A1E7A4F7556}") = "02-ChainLightning", "02-ChainLightning\02-ChainLightning.csproj", "{B76B513A-D827-4FAC-B236-FDF3CB938BA2}"
EndProject
Project("{9A19103F-16F7-4668-BE54-9A1E7A4F7556}") = "03-RoadTrip", "03-RoadTrip\03-RoadTrip.csproj", "{7F10D2FA-9F8F-4EDA-AEE9-FBBAB5DEE4C7}"
EndProject
Global
	GlobalSection(SolutionConfigurationPlatforms) = preSolution
		Debug|Any CPU = Debug|Any CPU
		Release|Any CPU = Release|Any CPU
	EndGlobalSection
	GlobalSection(ProjectConfigurationPlatforms) = postSolution
		{5C70CCD6-3882-46D2-B8C5-93F970F7E727}.Debug|Any CPU.ActiveCfg = Debug|Any CPU
		{5C70CCD6-3882-46D2-B8C5-93F970F7E727}.Debug|Any CPU.Build.0 = Debug|Any CPU
		{5C70CCD6-3882-46D2-B8C5-93F970F7E727}.Release|Any CPU.ActiveCfg = Release|Any CPU
		{5C70CCD6-3882-46D2-B8C5-93F970F7E727}.Release|Any CPU.Build.0 = Release|Any CPU
		{B76B513A-D827-4FAC-B236-FDF3CB938BA2}.Debug|Any CPU.ActiveCfg = Debug|Any CPU
		{B76B513A-D827-4FAC-B236-FDF3CB938BA2}.Debug|Any CPU.Build.0 = Debug|Any CPU
		{B76B513A-D827-4FAC-B236-FDF3CB938BA2}.Release|Any CPU.ActiveCfg = Release|Any CPU
		{B76B513A-D827-4FAC-B236-FDF3CB938BA2}.Release|Any CPU.Build.0 = Release|Any CPU
		{7F10D2FA-9F8F-4EDA-AEE9-FBBAB5DEE4C7}.Debug|Any CPU.ActiveCfg = Debug|Any CPU
		{7F10D2FA-9F8F-4EDA-AEE9-FBBAB5DEE4C7}.Debug|Any CPU.Build.0 = Debug|Any CPU
		{7F10D2FA-9F8F-4EDA-AEE9-FBBAB5DEE4C7}.Release|Any CPU.ActiveCfg = Release|Any CPU
		{7F10D2FA-9F8F-4EDA-AEE9-FBBAB5DEE4C7}.Release|Any CPU.Build.0 = Release|Any CPU
	EndGlobalSection
	GlobalSection(SolutionProperties) = preSolution
		HideSolutionNode = FALSE
	EndGlobalSection
	GlobalSection(ExtensibilityGlobals) = postSolution
		SolutionGuid = {246B6E67-4BAE-4A65-A204-86CD942014E8}
	EndGlobalSection
EndGlobal
