
Microsoft Visual Studio Solution File, Format Version 12.00
# Visual Studio 15
VisualStudioVersion = 15.0.28010.0
MinimumVisualStudioVersion = 10.0.40219.1
Project("{FAE04EC0-301F-11D3-BF4B-00C04F79EFBC}") = "01_Passed", "01_Passed\01_Passed.csproj", "{9BC30A7F-51E2-4910-87E8-D24193186D6F}"
EndProject
Project("{FAE04EC0-301F-11D3-BF4B-00C04F79EFBC}") = "02_Passed_or_Failed", "02_Passed_or_Failed\02_Passed_or_Failed.csproj", "{9A958B17-7F98-40A5-890A-B8550D77B2BA}"
EndProject
Project("{FAE04EC0-301F-11D3-BF4B-00C04F79EFBC}") = "03_Back_in_30_Minutes", "03_Back_in_30_Minutes\03_Back_in_30_Minutes.csproj", "{06FC5E86-6F0C-47E0-9310-8ECA8FF38650}"
EndProject
Project("{FAE04EC0-301F-11D3-BF4B-00C04F79EFBC}") = "04_Month_Printer", "04_Month_Printer\04_Month_Printer.csproj", "{1C3E766B-0297-438D-90FE-6E746EC2E7B1}"
EndProject
Project("{FAE04EC0-301F-11D3-BF4B-00C04F79EFBC}") = "05_Foreign_Languages", "05_Foreign_Languages\05_Foreign_Languages.csproj", "{E484FB3A-87B6-4ACE-AC31-44C51687A7A0}"
EndProject
Project("{FAE04EC0-301F-11D3-BF4B-00C04F79EFBC}") = "06_Theatre_Promotions", "06_Theatre_Promotions\06_Theatre_Promotions.csproj", "{766E8A3F-8145-4A6A-B974-FCDC7B1670EB}"
EndProject
Project("{FAE04EC0-301F-11D3-BF4B-00C04F79EFBC}") = "07_Divisible_by_3", "07_Divisible_by_3\07_Divisible_by_3.csproj", "{921A46AB-2F75-474B-BE65-B11B8601F803}"
EndProject
Project("{FAE04EC0-301F-11D3-BF4B-00C04F79EFBC}") = "08_Sum_of_Odd_Numbers", "08_Sum_of_Odd_Numbers\08_Sum_of_Odd_Numbers.csproj", "{4523F274-3551-4A75-B1E3-7DA0634BDD15}"
EndProject
Project("{FAE04EC0-301F-11D3-BF4B-00C04F79EFBC}") = "09_Multiplication_Table", "09_Multiplication_Table\09_Multiplication_Table.csproj", "{03621DD0-6A91-4E2A-8F5D-6BC1142F6F31}"
EndProject
Project("{FAE04EC0-301F-11D3-BF4B-00C04F79EFBC}") = "10_Multiplication_Table_2.0", "10_Multiplication_Table_2.0\10_Multiplication_Table_2.0.csproj", "{AC87E575-BCE8-4AEB-9EB0-6E455D7F6588}"
EndProject
Project("{FAE04EC0-301F-11D3-BF4B-00C04F79EFBC}") = "11_Odd_Number", "11_Odd_Number\11_Odd_Number.csproj", "{01863B1A-25D3-457F-AB8D-E61B9B1B85FA}"
EndProject
Project("{FAE04EC0-301F-11D3-BF4B-00C04F79EFBC}") = "12_Number_Checker", "12_Number_Checker\12_Number_Checker.csproj", "{56B74CEC-D56F-43C3-A94B-461383D0FA6A}"
EndProject
Global
	GlobalSection(SolutionConfigurationPlatforms) = preSolution
		Debug|Any CPU = Debug|Any CPU
		Release|Any CPU = Release|Any CPU
	EndGlobalSection
	GlobalSection(ProjectConfigurationPlatforms) = postSolution
		{9BC30A7F-51E2-4910-87E8-D24193186D6F}.Debug|Any CPU.ActiveCfg = Debug|Any CPU
		{9BC30A7F-51E2-4910-87E8-D24193186D6F}.Debug|Any CPU.Build.0 = Debug|Any CPU
		{9BC30A7F-51E2-4910-87E8-D24193186D6F}.Release|Any CPU.ActiveCfg = Release|Any CPU
		{9BC30A7F-51E2-4910-87E8-D24193186D6F}.Release|Any CPU.Build.0 = Release|Any CPU
		{9A958B17-7F98-40A5-890A-B8550D77B2BA}.Debug|Any CPU.ActiveCfg = Debug|Any CPU
		{9A958B17-7F98-40A5-890A-B8550D77B2BA}.Debug|Any CPU.Build.0 = Debug|Any CPU
		{9A958B17-7F98-40A5-890A-B8550D77B2BA}.Release|Any CPU.ActiveCfg = Release|Any CPU
		{9A958B17-7F98-40A5-890A-B8550D77B2BA}.Release|Any CPU.Build.0 = Release|Any CPU
		{06FC5E86-6F0C-47E0-9310-8ECA8FF38650}.Debug|Any CPU.ActiveCfg = Debug|Any CPU
		{06FC5E86-6F0C-47E0-9310-8ECA8FF38650}.Debug|Any CPU.Build.0 = Debug|Any CPU
		{06FC5E86-6F0C-47E0-9310-8ECA8FF38650}.Release|Any CPU.ActiveCfg = Release|Any CPU
		{06FC5E86-6F0C-47E0-9310-8ECA8FF38650}.Release|Any CPU.Build.0 = Release|Any CPU
		{1C3E766B-0297-438D-90FE-6E746EC2E7B1}.Debug|Any CPU.ActiveCfg = Debug|Any CPU
		{1C3E766B-0297-438D-90FE-6E746EC2E7B1}.Debug|Any CPU.Build.0 = Debug|Any CPU
		{1C3E766B-0297-438D-90FE-6E746EC2E7B1}.Release|Any CPU.ActiveCfg = Release|Any CPU
		{1C3E766B-0297-438D-90FE-6E746EC2E7B1}.Release|Any CPU.Build.0 = Release|Any CPU
		{E484FB3A-87B6-4ACE-AC31-44C51687A7A0}.Debug|Any CPU.ActiveCfg = Debug|Any CPU
		{E484FB3A-87B6-4ACE-AC31-44C51687A7A0}.Debug|Any CPU.Build.0 = Debug|Any CPU
		{E484FB3A-87B6-4ACE-AC31-44C51687A7A0}.Release|Any CPU.ActiveCfg = Release|Any CPU
		{E484FB3A-87B6-4ACE-AC31-44C51687A7A0}.Release|Any CPU.Build.0 = Release|Any CPU
		{766E8A3F-8145-4A6A-B974-FCDC7B1670EB}.Debug|Any CPU.ActiveCfg = Debug|Any CPU
		{766E8A3F-8145-4A6A-B974-FCDC7B1670EB}.Debug|Any CPU.Build.0 = Debug|Any CPU
		{766E8A3F-8145-4A6A-B974-FCDC7B1670EB}.Release|Any CPU.ActiveCfg = Release|Any CPU
		{766E8A3F-8145-4A6A-B974-FCDC7B1670EB}.Release|Any CPU.Build.0 = Release|Any CPU
		{921A46AB-2F75-474B-BE65-B11B8601F803}.Debug|Any CPU.ActiveCfg = Debug|Any CPU
		{921A46AB-2F75-474B-BE65-B11B8601F803}.Debug|Any CPU.Build.0 = Debug|Any CPU
		{921A46AB-2F75-474B-BE65-B11B8601F803}.Release|Any CPU.ActiveCfg = Release|Any CPU
		{921A46AB-2F75-474B-BE65-B11B8601F803}.Release|Any CPU.Build.0 = Release|Any CPU
		{4523F274-3551-4A75-B1E3-7DA0634BDD15}.Debug|Any CPU.ActiveCfg = Debug|Any CPU
		{4523F274-3551-4A75-B1E3-7DA0634BDD15}.Debug|Any CPU.Build.0 = Debug|Any CPU
		{4523F274-3551-4A75-B1E3-7DA0634BDD15}.Release|Any CPU.ActiveCfg = Release|Any CPU
		{4523F274-3551-4A75-B1E3-7DA0634BDD15}.Release|Any CPU.Build.0 = Release|Any CPU
		{03621DD0-6A91-4E2A-8F5D-6BC1142F6F31}.Debug|Any CPU.ActiveCfg = Debug|Any CPU
		{03621DD0-6A91-4E2A-8F5D-6BC1142F6F31}.Debug|Any CPU.Build.0 = Debug|Any CPU
		{03621DD0-6A91-4E2A-8F5D-6BC1142F6F31}.Release|Any CPU.ActiveCfg = Release|Any CPU
		{03621DD0-6A91-4E2A-8F5D-6BC1142F6F31}.Release|Any CPU.Build.0 = Release|Any CPU
		{AC87E575-BCE8-4AEB-9EB0-6E455D7F6588}.Debug|Any CPU.ActiveCfg = Debug|Any CPU
		{AC87E575-BCE8-4AEB-9EB0-6E455D7F6588}.Debug|Any CPU.Build.0 = Debug|Any CPU
		{AC87E575-BCE8-4AEB-9EB0-6E455D7F6588}.Release|Any CPU.ActiveCfg = Release|Any CPU
		{AC87E575-BCE8-4AEB-9EB0-6E455D7F6588}.Release|Any CPU.Build.0 = Release|Any CPU
		{01863B1A-25D3-457F-AB8D-E61B9B1B85FA}.Debug|Any CPU.ActiveCfg = Debug|Any CPU
		{01863B1A-25D3-457F-AB8D-E61B9B1B85FA}.Debug|Any CPU.Build.0 = Debug|Any CPU
		{01863B1A-25D3-457F-AB8D-E61B9B1B85FA}.Release|Any CPU.ActiveCfg = Release|Any CPU
		{01863B1A-25D3-457F-AB8D-E61B9B1B85FA}.Release|Any CPU.Build.0 = Release|Any CPU
		{56B74CEC-D56F-43C3-A94B-461383D0FA6A}.Debug|Any CPU.ActiveCfg = Debug|Any CPU
		{56B74CEC-D56F-43C3-A94B-461383D0FA6A}.Debug|Any CPU.Build.0 = Debug|Any CPU
		{56B74CEC-D56F-43C3-A94B-461383D0FA6A}.Release|Any CPU.ActiveCfg = Release|Any CPU
		{56B74CEC-D56F-43C3-A94B-461383D0FA6A}.Release|Any CPU.Build.0 = Release|Any CPU
	EndGlobalSection
	GlobalSection(SolutionProperties) = preSolution
		HideSolutionNode = FALSE
	EndGlobalSection
	GlobalSection(ExtensibilityGlobals) = postSolution
		SolutionGuid = {60A01887-F61B-4E5F-9A81-BFA87EF7B414}
	EndGlobalSection
EndGlobal
