
Microsoft Visual Studio Solution File, Format Version 12.00
# Visual Studio Version 16
VisualStudioVersion = 16.0.30907.101
MinimumVisualStudioVersion = 10.0.40219.1
Project("{9A19103F-16F7-4668-BE54-9A1E7A4F7556}") = "01-Bellman-Ford", "01-Bellman-Ford\01-Bellman-Ford.csproj", "{5AB91F17-DB5A-4F62-933D-C7942C2701BF}"
EndProject
Project("{9A19103F-16F7-4668-BE54-9A1E7A4F7556}") = "02-LongestPath", "02-LongestPath\02-LongestPath.csproj", "{EBA5DFB7-D3D3-4F29-AA2C-EEEF4F832ACE}"
EndProject
Global
	GlobalSection(SolutionConfigurationPlatforms) = preSolution
		Debug|Any CPU = Debug|Any CPU
		Release|Any CPU = Release|Any CPU
	EndGlobalSection
	GlobalSection(ProjectConfigurationPlatforms) = postSolution
		{5AB91F17-DB5A-4F62-933D-C7942C2701BF}.Debug|Any CPU.ActiveCfg = Debug|Any CPU
		{5AB91F17-DB5A-4F62-933D-C7942C2701BF}.Debug|Any CPU.Build.0 = Debug|Any CPU
		{5AB91F17-DB5A-4F62-933D-C7942C2701BF}.Release|Any CPU.ActiveCfg = Release|Any CPU
		{5AB91F17-DB5A-4F62-933D-C7942C2701BF}.Release|Any CPU.Build.0 = Release|Any CPU
		{EBA5DFB7-D3D3-4F29-AA2C-EEEF4F832ACE}.Debug|Any CPU.ActiveCfg = Debug|Any CPU
		{EBA5DFB7-D3D3-4F29-AA2C-EEEF4F832ACE}.Debug|Any CPU.Build.0 = Debug|Any CPU
		{EBA5DFB7-D3D3-4F29-AA2C-EEEF4F832ACE}.Release|Any CPU.ActiveCfg = Release|Any CPU
		{EBA5DFB7-D3D3-4F29-AA2C-EEEF4F832ACE}.Release|Any CPU.Build.0 = Release|Any CPU
	EndGlobalSection
	GlobalSection(SolutionProperties) = preSolution
		HideSolutionNode = FALSE
	EndGlobalSection
	GlobalSection(ExtensibilityGlobals) = postSolution
		SolutionGuid = {1CCA4072-FA60-49AB-BDA7-C27B7000EF8F}
	EndGlobalSection
EndGlobal
